
Microsoft Visual Studio Solution File, Format Version 12.00
# Visual Studio 2012
Project("{FAE04EC0-301F-11D3-BF4B-00C04F79EFBC}") = "StudentApplication", "StudentApplication\StudentApplication.csproj", "{8AF9C1B5-A7ED-4B22-90F3-4971DAF8D4CD}"
EndProject
Project("{2150E333-8FDC-42A3-9474-1A3956D46DE8}") = ".nuget", ".nuget", "{41952CB5-1330-4AD2-8E5E-E711604BC29E}"
	ProjectSection(SolutionItems) = preProject
		.nuget\packages.config = .nuget\packages.config
	EndProjectSection
EndProject
Project("{FAE04EC0-301F-11D3-BF4B-00C04F79EFBC}") = "Domain", "Domain\Domain.csproj", "{98C0FA8D-AE36-40B1-B3E6-168BE83EE39D}"
EndProject
Project("{FAE04EC0-301F-11D3-BF4B-00C04F79EFBC}") = "UnitTestLibrary", "UnitTestLibrary\UnitTestLibrary.csproj", "{3FB53BA8-945E-47A0-85AA-BEAD42BC5E0A}"
EndProject
Project("{FAE04EC0-301F-11D3-BF4B-00C04F79EFBC}") = "IntegrationTest", "UnitTestProject1\IntegrationTest.csproj", "{35FA38A1-0001-44DA-AA4A-EA40FAFC1305}"
EndProject
Global
	GlobalSection(SolutionConfigurationPlatforms) = preSolution
		Debug|Any CPU = Debug|Any CPU
		Release|Any CPU = Release|Any CPU
	EndGlobalSection
	GlobalSection(ProjectConfigurationPlatforms) = postSolution
		{8AF9C1B5-A7ED-4B22-90F3-4971DAF8D4CD}.Debug|Any CPU.ActiveCfg = Debug|Any CPU
		{8AF9C1B5-A7ED-4B22-90F3-4971DAF8D4CD}.Debug|Any CPU.Build.0 = Debug|Any CPU
		{8AF9C1B5-A7ED-4B22-90F3-4971DAF8D4CD}.Release|Any CPU.ActiveCfg = Release|Any CPU
		{8AF9C1B5-A7ED-4B22-90F3-4971DAF8D4CD}.Release|Any CPU.Build.0 = Release|Any CPU
		{98C0FA8D-AE36-40B1-B3E6-168BE83EE39D}.Debug|Any CPU.ActiveCfg = Debug|Any CPU
		{98C0FA8D-AE36-40B1-B3E6-168BE83EE39D}.Debug|Any CPU.Build.0 = Debug|Any CPU
		{98C0FA8D-AE36-40B1-B3E6-168BE83EE39D}.Release|Any CPU.ActiveCfg = Release|Any CPU
		{98C0FA8D-AE36-40B1-B3E6-168BE83EE39D}.Release|Any CPU.Build.0 = Release|Any CPU
		{3FB53BA8-945E-47A0-85AA-BEAD42BC5E0A}.Debug|Any CPU.ActiveCfg = Debug|Any CPU
		{3FB53BA8-945E-47A0-85AA-BEAD42BC5E0A}.Debug|Any CPU.Build.0 = Debug|Any CPU
		{3FB53BA8-945E-47A0-85AA-BEAD42BC5E0A}.Release|Any CPU.ActiveCfg = Release|Any CPU
		{3FB53BA8-945E-47A0-85AA-BEAD42BC5E0A}.Release|Any CPU.Build.0 = Release|Any CPU
		{35FA38A1-0001-44DA-AA4A-EA40FAFC1305}.Debug|Any CPU.ActiveCfg = Debug|Any CPU
		{35FA38A1-0001-44DA-AA4A-EA40FAFC1305}.Debug|Any CPU.Build.0 = Debug|Any CPU
		{35FA38A1-0001-44DA-AA4A-EA40FAFC1305}.Release|Any CPU.ActiveCfg = Release|Any CPU
		{35FA38A1-0001-44DA-AA4A-EA40FAFC1305}.Release|Any CPU.Build.0 = Release|Any CPU
	EndGlobalSection
	GlobalSection(SolutionProperties) = preSolution
		HideSolutionNode = FALSE
	EndGlobalSection
EndGlobal
